
Microsoft Visual Studio Solution File, Format Version 12.00
# Visual Studio 15
VisualStudioVersion = 15.0.26124.0
MinimumVisualStudioVersion = 15.0.26124.0
Project("{FAE04EC0-301F-11D3-BF4B-00C04F79EFBC}") = "application", "Api.Application\application.csproj", "{F482D394-4DF5-4A86-A30A-7A99A2D3FEF2}"
EndProject
Project("{FAE04EC0-301F-11D3-BF4B-00C04F79EFBC}") = "Domain", "Api.Domain\Domain.csproj", "{209122DF-B617-42D2-AB97-EF18927E9FD6}"
EndProject
Project("{FAE04EC0-301F-11D3-BF4B-00C04F79EFBC}") = "CrossCutting", "Api.CrossCutting\CrossCutting.csproj", "{19AE412C-F9B2-435D-94AF-15ED6B5B076B}"
EndProject
Project("{FAE04EC0-301F-11D3-BF4B-00C04F79EFBC}") = "Data", "Api.Data\Data.csproj", "{972E0B29-A9C9-4222-80AD-AFCDB6D9F798}"
EndProject
Project("{FAE04EC0-301F-11D3-BF4B-00C04F79EFBC}") = "Service", "Api.Service\Service.csproj", "{CB2034FA-7B64-40FA-B2AC-D81154E1269F}"
EndProject
Global
	GlobalSection(SolutionConfigurationPlatforms) = preSolution
		Debug|Any CPU = Debug|Any CPU
		Debug|x64 = Debug|x64
		Debug|x86 = Debug|x86
		Release|Any CPU = Release|Any CPU
		Release|x64 = Release|x64
		Release|x86 = Release|x86
	EndGlobalSection
	GlobalSection(SolutionProperties) = preSolution
		HideSolutionNode = FALSE
	EndGlobalSection
	GlobalSection(ProjectConfigurationPlatforms) = postSolution
		{F482D394-4DF5-4A86-A30A-7A99A2D3FEF2}.Debug|Any CPU.ActiveCfg = Debug|Any CPU
		{F482D394-4DF5-4A86-A30A-7A99A2D3FEF2}.Debug|Any CPU.Build.0 = Debug|Any CPU
		{F482D394-4DF5-4A86-A30A-7A99A2D3FEF2}.Debug|x64.ActiveCfg = Debug|Any CPU
		{F482D394-4DF5-4A86-A30A-7A99A2D3FEF2}.Debug|x64.Build.0 = Debug|Any CPU
		{F482D394-4DF5-4A86-A30A-7A99A2D3FEF2}.Debug|x86.ActiveCfg = Debug|Any CPU
		{F482D394-4DF5-4A86-A30A-7A99A2D3FEF2}.Debug|x86.Build.0 = Debug|Any CPU
		{F482D394-4DF5-4A86-A30A-7A99A2D3FEF2}.Release|Any CPU.ActiveCfg = Release|Any CPU
		{F482D394-4DF5-4A86-A30A-7A99A2D3FEF2}.Release|Any CPU.Build.0 = Release|Any CPU
		{F482D394-4DF5-4A86-A30A-7A99A2D3FEF2}.Release|x64.ActiveCfg = Release|Any CPU
		{F482D394-4DF5-4A86-A30A-7A99A2D3FEF2}.Release|x64.Build.0 = Release|Any CPU
		{F482D394-4DF5-4A86-A30A-7A99A2D3FEF2}.Release|x86.ActiveCfg = Release|Any CPU
		{F482D394-4DF5-4A86-A30A-7A99A2D3FEF2}.Release|x86.Build.0 = Release|Any CPU
		{209122DF-B617-42D2-AB97-EF18927E9FD6}.Debug|Any CPU.ActiveCfg = Debug|Any CPU
		{209122DF-B617-42D2-AB97-EF18927E9FD6}.Debug|Any CPU.Build.0 = Debug|Any CPU
		{209122DF-B617-42D2-AB97-EF18927E9FD6}.Debug|x64.ActiveCfg = Debug|Any CPU
		{209122DF-B617-42D2-AB97-EF18927E9FD6}.Debug|x64.Build.0 = Debug|Any CPU
		{209122DF-B617-42D2-AB97-EF18927E9FD6}.Debug|x86.ActiveCfg = Debug|Any CPU
		{209122DF-B617-42D2-AB97-EF18927E9FD6}.Debug|x86.Build.0 = Debug|Any CPU
		{209122DF-B617-42D2-AB97-EF18927E9FD6}.Release|Any CPU.ActiveCfg = Release|Any CPU
		{209122DF-B617-42D2-AB97-EF18927E9FD6}.Release|Any CPU.Build.0 = Release|Any CPU
		{209122DF-B617-42D2-AB97-EF18927E9FD6}.Release|x64.ActiveCfg = Release|Any CPU
		{209122DF-B617-42D2-AB97-EF18927E9FD6}.Release|x64.Build.0 = Release|Any CPU
		{209122DF-B617-42D2-AB97-EF18927E9FD6}.Release|x86.ActiveCfg = Release|Any CPU
		{209122DF-B617-42D2-AB97-EF18927E9FD6}.Release|x86.Build.0 = Release|Any CPU
		{19AE412C-F9B2-435D-94AF-15ED6B5B076B}.Debug|Any CPU.ActiveCfg = Debug|Any CPU
		{19AE412C-F9B2-435D-94AF-15ED6B5B076B}.Debug|Any CPU.Build.0 = Debug|Any CPU
		{19AE412C-F9B2-435D-94AF-15ED6B5B076B}.Debug|x64.ActiveCfg = Debug|Any CPU
		{19AE412C-F9B2-435D-94AF-15ED6B5B076B}.Debug|x64.Build.0 = Debug|Any CPU
		{19AE412C-F9B2-435D-94AF-15ED6B5B076B}.Debug|x86.ActiveCfg = Debug|Any CPU
		{19AE412C-F9B2-435D-94AF-15ED6B5B076B}.Debug|x86.Build.0 = Debug|Any CPU
		{19AE412C-F9B2-435D-94AF-15ED6B5B076B}.Release|Any CPU.ActiveCfg = Release|Any CPU
		{19AE412C-F9B2-435D-94AF-15ED6B5B076B}.Release|Any CPU.Build.0 = Release|Any CPU
		{19AE412C-F9B2-435D-94AF-15ED6B5B076B}.Release|x64.ActiveCfg = Release|Any CPU
		{19AE412C-F9B2-435D-94AF-15ED6B5B076B}.Release|x64.Build.0 = Release|Any CPU
		{19AE412C-F9B2-435D-94AF-15ED6B5B076B}.Release|x86.ActiveCfg = Release|Any CPU
		{19AE412C-F9B2-435D-94AF-15ED6B5B076B}.Release|x86.Build.0 = Release|Any CPU
		{972E0B29-A9C9-4222-80AD-AFCDB6D9F798}.Debug|Any CPU.ActiveCfg = Debug|Any CPU
		{972E0B29-A9C9-4222-80AD-AFCDB6D9F798}.Debug|Any CPU.Build.0 = Debug|Any CPU
		{972E0B29-A9C9-4222-80AD-AFCDB6D9F798}.Debug|x64.ActiveCfg = Debug|Any CPU
		{972E0B29-A9C9-4222-80AD-AFCDB6D9F798}.Debug|x64.Build.0 = Debug|Any CPU
		{972E0B29-A9C9-4222-80AD-AFCDB6D9F798}.Debug|x86.ActiveCfg = Debug|Any CPU
		{972E0B29-A9C9-4222-80AD-AFCDB6D9F798}.Debug|x86.Build.0 = Debug|Any CPU
		{972E0B29-A9C9-4222-80AD-AFCDB6D9F798}.Release|Any CPU.ActiveCfg = Release|Any CPU
		{972E0B29-A9C9-4222-80AD-AFCDB6D9F798}.Release|Any CPU.Build.0 = Release|Any CPU
		{972E0B29-A9C9-4222-80AD-AFCDB6D9F798}.Release|x64.ActiveCfg = Release|Any CPU
		{972E0B29-A9C9-4222-80AD-AFCDB6D9F798}.Release|x64.Build.0 = Release|Any CPU
		{972E0B29-A9C9-4222-80AD-AFCDB6D9F798}.Release|x86.ActiveCfg = Release|Any CPU
		{972E0B29-A9C9-4222-80AD-AFCDB6D9F798}.Release|x86.Build.0 = Release|Any CPU
		{CB2034FA-7B64-40FA-B2AC-D81154E1269F}.Debug|Any CPU.ActiveCfg = Debug|Any CPU
		{CB2034FA-7B64-40FA-B2AC-D81154E1269F}.Debug|Any CPU.Build.0 = Debug|Any CPU
		{CB2034FA-7B64-40FA-B2AC-D81154E1269F}.Debug|x64.ActiveCfg = Debug|Any CPU
		{CB2034FA-7B64-40FA-B2AC-D81154E1269F}.Debug|x64.Build.0 = Debug|Any CPU
		{CB2034FA-7B64-40FA-B2AC-D81154E1269F}.Debug|x86.ActiveCfg = Debug|Any CPU
		{CB2034FA-7B64-40FA-B2AC-D81154E1269F}.Debug|x86.Build.0 = Debug|Any CPU
		{CB2034FA-7B64-40FA-B2AC-D81154E1269F}.Release|Any CPU.ActiveCfg = Release|Any CPU
		{CB2034FA-7B64-40FA-B2AC-D81154E1269F}.Release|Any CPU.Build.0 = Release|Any CPU
		{CB2034FA-7B64-40FA-B2AC-D81154E1269F}.Release|x64.ActiveCfg = Release|Any CPU
		{CB2034FA-7B64-40FA-B2AC-D81154E1269F}.Release|x64.Build.0 = Release|Any CPU
		{CB2034FA-7B64-40FA-B2AC-D81154E1269F}.Release|x86.ActiveCfg = Release|Any CPU
		{CB2034FA-7B64-40FA-B2AC-D81154E1269F}.Release|x86.Build.0 = Release|Any CPU
	EndGlobalSection
EndGlobal
